
Microsoft Visual Studio Solution File, Format Version 12.00
# Visual Studio 15
VisualStudioVersion = 15.0.28010.2003
MinimumVisualStudioVersion = 10.0.40219.1
Project("{FAE04EC0-301F-11D3-BF4B-00C04F79EFBC}") = "AkkaRoslynAnalyzer", "AkkaRoslynAnalyzer\AkkaRoslynAnalyzer\AkkaRoslynAnalyzer.csproj", "{000B7431-8F23-4746-8E13-D0860D3AF5D9}"
EndProject
Project("{FAE04EC0-301F-11D3-BF4B-00C04F79EFBC}") = "AkkaRoslynAnalyzer.Test", "AkkaRoslynAnalyzer\AkkaRoslynAnalyzer.Test\AkkaRoslynAnalyzer.Test.csproj", "{B7CCC992-70B0-4515-BE8B-C44F5B91C5C2}"
EndProject
Project("{FAE04EC0-301F-11D3-BF4B-00C04F79EFBC}") = "AkkaRoslynAnalyzer.Vsix", "AkkaRoslynAnalyzer\AkkaRoslynAnalyzer.Vsix\AkkaRoslynAnalyzer.Vsix.csproj", "{C6E0446F-1EC8-4D70-AD07-9D10194DAE89}"
EndProject
Global
	GlobalSection(SolutionConfigurationPlatforms) = preSolution
		Debug|Any CPU = Debug|Any CPU
		Release|Any CPU = Release|Any CPU
	EndGlobalSection
	GlobalSection(ProjectConfigurationPlatforms) = postSolution
		{000B7431-8F23-4746-8E13-D0860D3AF5D9}.Debug|Any CPU.ActiveCfg = Debug|Any CPU
		{000B7431-8F23-4746-8E13-D0860D3AF5D9}.Debug|Any CPU.Build.0 = Debug|Any CPU
		{000B7431-8F23-4746-8E13-D0860D3AF5D9}.Release|Any CPU.ActiveCfg = Release|Any CPU
		{000B7431-8F23-4746-8E13-D0860D3AF5D9}.Release|Any CPU.Build.0 = Release|Any CPU
		{B7CCC992-70B0-4515-BE8B-C44F5B91C5C2}.Debug|Any CPU.ActiveCfg = Debug|Any CPU
		{B7CCC992-70B0-4515-BE8B-C44F5B91C5C2}.Debug|Any CPU.Build.0 = Debug|Any CPU
		{B7CCC992-70B0-4515-BE8B-C44F5B91C5C2}.Release|Any CPU.ActiveCfg = Release|Any CPU
		{B7CCC992-70B0-4515-BE8B-C44F5B91C5C2}.Release|Any CPU.Build.0 = Release|Any CPU
		{C6E0446F-1EC8-4D70-AD07-9D10194DAE89}.Debug|Any CPU.ActiveCfg = Debug|Any CPU
		{C6E0446F-1EC8-4D70-AD07-9D10194DAE89}.Debug|Any CPU.Build.0 = Debug|Any CPU
		{C6E0446F-1EC8-4D70-AD07-9D10194DAE89}.Release|Any CPU.ActiveCfg = Release|Any CPU
		{C6E0446F-1EC8-4D70-AD07-9D10194DAE89}.Release|Any CPU.Build.0 = Release|Any CPU
	EndGlobalSection
	GlobalSection(SolutionProperties) = preSolution
		HideSolutionNode = FALSE
	EndGlobalSection
	GlobalSection(ExtensibilityGlobals) = postSolution
		SolutionGuid = {8733812B-7590-4B12-B69D-895A0B64F3F1}
	EndGlobalSection
EndGlobal
